// !$*UTF8*$!
{
	archiveVersion = 1;
	classes = {
	};
	objectVersion = 50;
	objects = {

/* Begin PBXBuildFile section */
		61E1E582255AD91F008FEE19 /* AppDelegate.swift in Sources */ = {isa = PBXBuildFile; fileRef = 61E1E581255AD91F008FEE19 /* AppDelegate.swift */; };
		61E1E584255AD91F008FEE19 /* SceneDelegate.swift in Sources */ = {isa = PBXBuildFile; fileRef = 61E1E583255AD91F008FEE19 /* SceneDelegate.swift */; };
		61E1E586255AD91F008FEE19 /* ContentView.swift in Sources */ = {isa = PBXBuildFile; fileRef = 61E1E585255AD91F008FEE19 /* ContentView.swift */; };
		61E1E588255AD920008FEE19 /* Assets.xcassets in Resources */ = {isa = PBXBuildFile; fileRef = 61E1E587255AD920008FEE19 /* Assets.xcassets */; };
		61E1E58B255AD920008FEE19 /* Preview Assets.xcassets in Resources */ = {isa = PBXBuildFile; fileRef = 61E1E58A255AD920008FEE19 /* Preview Assets.xcassets */; };
		61E1E58E255AD920008FEE19 /* LaunchScreen.storyboard in Resources */ = {isa = PBXBuildFile; fileRef = 61E1E58C255AD920008FEE19 /* LaunchScreen.storyboard */; };
		61E1E59E255ADC20008FEE19 /* diceroll.wav in Resources */ = {isa = PBXBuildFile; fileRef = 61E1E59B255ADC20008FEE19 /* diceroll.wav */; };
		61E1E59F255ADC20008FEE19 /* criticalmiss.mp3 in Resources */ = {isa = PBXBuildFile; fileRef = 61E1E59C255ADC20008FEE19 /* criticalmiss.mp3 */; };
		61E1E5A0255ADC20008FEE19 /* criticalhit.mp3 in Resources */ = {isa = PBXBuildFile; fileRef = 61E1E59D255ADC20008FEE19 /* criticalhit.mp3 */; };
		61E1E5A3255ADC80008FEE19 /* PlaySound.swift in Sources */ = {isa = PBXBuildFile; fileRef = 61E1E5A2255ADC80008FEE19 /* PlaySound.swift */; };
		61E1E5A6255AE793008FEE19 /* ShakeGestureManager.swift in Sources */ = {isa = PBXBuildFile; fileRef = 61E1E5A5255AE793008FEE19 /* ShakeGestureManager.swift */; };
/* End PBXBuildFile section */

/* Begin PBXFileReference section */
		61E1E57E255AD91F008FEE19 /* SwiftUiDice.app */ = {isa = PBXFileReference; explicitFileType = wrapper.application; includeInIndex = 0; path = SwiftUiDice.app; sourceTree = BUILT_PRODUCTS_DIR; };
		61E1E581255AD91F008FEE19 /* AppDelegate.swift */ = {isa = PBXFileReference; lastKnownFileType = sourcecode.swift; path = AppDelegate.swift; sourceTree = "<group>"; };
		61E1E583255AD91F008FEE19 /* SceneDelegate.swift */ = {isa = PBXFileReference; lastKnownFileType = sourcecode.swift; path = SceneDelegate.swift; sourceTree = "<group>"; };
		61E1E585255AD91F008FEE19 /* ContentView.swift */ = {isa = PBXFileReference; lastKnownFileType = sourcecode.swift; path = ContentView.swift; sourceTree = "<group>"; };
		61E1E587255AD920008FEE19 /* Assets.xcassets */ = {isa = PBXFileReference; lastKnownFileType = folder.assetcatalog; path = Assets.xcassets; sourceTree = "<group>"; };
		61E1E58A255AD920008FEE19 /* Preview Assets.xcassets */ = {isa = PBXFileReference; lastKnownFileType = folder.assetcatalog; path = "Preview Assets.xcassets"; sourceTree = "<group>"; };
		61E1E58D255AD920008FEE19 /* Base */ = {isa = PBXFileReference; lastKnownFileType = file.storyboard; name = Base; path = Base.lproj/LaunchScreen.storyboard; sourceTree = "<group>"; };
		61E1E58F255AD920008FEE19 /* Info.plist */ = {isa = PBXFileReference; lastKnownFileType = text.plist.xml; path = Info.plist; sourceTree = "<group>"; };
		61E1E59B255ADC20008FEE19 /* diceroll.wav */ = {isa = PBXFileReference; lastKnownFileType = audio.wav; path = diceroll.wav; sourceTree = "<group>"; };
		61E1E59C255ADC20008FEE19 /* criticalmiss.mp3 */ = {isa = PBXFileReference; lastKnownFileType = audio.mp3; path = criticalmiss.mp3; sourceTree = "<group>"; };
		61E1E59D255ADC20008FEE19 /* criticalhit.mp3 */ = {isa = PBXFileReference; lastKnownFileType = audio.mp3; path = criticalhit.mp3; sourceTree = "<group>"; };
		61E1E5A2255ADC80008FEE19 /* PlaySound.swift */ = {isa = PBXFileReference; lastKnownFileType = sourcecode.swift; path = PlaySound.swift; sourceTree = "<group>"; };
		61E1E5A5255AE793008FEE19 /* ShakeGestureManager.swift */ = {isa = PBXFileReference; lastKnownFileType = sourcecode.swift; path = ShakeGestureManager.swift; sourceTree = "<group>"; };
/* End PBXFileReference section */

/* Begin PBXFrameworksBuildPhase section */
		61E1E57B255AD91F008FEE19 /* Frameworks */ = {
			isa = PBXFrameworksBuildPhase;
			buildActionMask = 2147483647;
			files = (
			);
			runOnlyForDeploymentPostprocessing = 0;
		};
/* End PBXFrameworksBuildPhase section */

/* Begin PBXGroup section */
		61E1E575255AD91F008FEE19 = {
			isa = PBXGroup;
			children = (
				61E1E580255AD91F008FEE19 /* SwiftUiDice */,
				61E1E57F255AD91F008FEE19 /* Products */,
			);
			sourceTree = "<group>";
		};
		61E1E57F255AD91F008FEE19 /* Products */ = {
			isa = PBXGroup;
			children = (
				61E1E57E255AD91F008FEE19 /* SwiftUiDice.app */,
			);
			name = Products;
			sourceTree = "<group>";
		};
		61E1E580255AD91F008FEE19 /* SwiftUiDice */ = {
			isa = PBXGroup;
			children = (
				61E1E59A255ADC12008FEE19 /* Sounds */,
				61E1E581255AD91F008FEE19 /* AppDelegate.swift */,
				61E1E583255AD91F008FEE19 /* SceneDelegate.swift */,
				61E1E585255AD91F008FEE19 /* ContentView.swift */,
				61E1E5A5255AE793008FEE19 /* ShakeGestureManager.swift */,
				61E1E5A2255ADC80008FEE19 /* PlaySound.swift */,
				61E1E587255AD920008FEE19 /* Assets.xcassets */,
				61E1E58C255AD920008FEE19 /* LaunchScreen.storyboard */,
				61E1E58F255AD920008FEE19 /* Info.plist */,
				61E1E589255AD920008FEE19 /* Preview Content */,
			);
			path = SwiftUiDice;
			sourceTree = "<group>";
		};
		61E1E589255AD920008FEE19 /* Preview Content */ = {
			isa = PBXGroup;
			children = (
				61E1E58A255AD920008FEE19 /* Preview Assets.xcassets */,
			);
			path = "Preview Content";
			sourceTree = "<group>";
		};
		61E1E59A255ADC12008FEE19 /* Sounds */ = {
			isa = PBXGroup;
			children = (
				61E1E59D255ADC20008FEE19 /* criticalhit.mp3 */,
				61E1E59C255ADC20008FEE19 /* criticalmiss.mp3 */,
				61E1E59B255ADC20008FEE19 /* diceroll.wav */,
			);
			path = Sounds;
			sourceTree = "<group>";
		};
/* End PBXGroup section */

/* Begin PBXNativeTarget section */
		61E1E57D255AD91F008FEE19 /* SwiftUiDice */ = {
			isa = PBXNativeTarget;
			buildConfigurationList = 61E1E592255AD920008FEE19 /* Build configuration list for PBXNativeTarget "SwiftUiDice" */;
			buildPhases = (
				61E1E57A255AD91F008FEE19 /* Sources */,
				61E1E57B255AD91F008FEE19 /* Frameworks */,
				61E1E57C255AD91F008FEE19 /* Resources */,
			);
			buildRules = (
			);
			dependencies = (
			);
			name = SwiftUiDice;
			productName = SwiftUiDice;
			productReference = 61E1E57E255AD91F008FEE19 /* SwiftUiDice.app */;
			productType = "com.apple.product-type.application";
		};
/* End PBXNativeTarget section */

/* Begin PBXProject section */
		61E1E576255AD91F008FEE19 /* Project object */ = {
			isa = PBXProject;
			attributes = {
				LastSwiftUpdateCheck = 1200;
				LastUpgradeCheck = 1200;
				TargetAttributes = {
					61E1E57D255AD91F008FEE19 = {
						CreatedOnToolsVersion = 12.0.1;
					};
				};
			};
			buildConfigurationList = 61E1E579255AD91F008FEE19 /* Build configuration list for PBXProject "SwiftUiDice" */;
			compatibilityVersion = "Xcode 9.3";
			developmentRegion = en;
			hasScannedForEncodings = 0;
			knownRegions = (
				en,
				Base,
			);
			mainGroup = 61E1E575255AD91F008FEE19;
			productRefGroup = 61E1E57F255AD91F008FEE19 /* Products */;
			projectDirPath = "";
			projectRoot = "";
			targets = (
				61E1E57D255AD91F008FEE19 /* SwiftUiDice */,
			);
		};
/* End PBXProject section */

/* Begin PBXResourcesBuildPhase section */
		61E1E57C255AD91F008FEE19 /* Resources */ = {
			isa = PBXResourcesBuildPhase;
			buildActionMask = 2147483647;
			files = (
				61E1E58E255AD920008FEE19 /* LaunchScreen.storyboard in Resources */,
				61E1E58B255AD920008FEE19 /* Preview Assets.xcassets in Resources */,
				61E1E59F255ADC20008FEE19 /* criticalmiss.mp3 in Resources */,
				61E1E59E255ADC20008FEE19 /* diceroll.wav in Resources */,
				61E1E588255AD920008FEE19 /* Assets.xcassets in Resources */,
				61E1E5A0255ADC20008FEE19 /* criticalhit.mp3 in Resources */,
			);
			runOnlyForDeploymentPostprocessing = 0;
		};
/* End PBXResourcesBuildPhase section */

/* Begin PBXSourcesBuildPhase section */
		61E1E57A255AD91F008FEE19 /* Sources */ = {
			isa = PBXSourcesBuildPhase;
			buildActionMask = 2147483647;
			files = (
				61E1E582255AD91F008FEE19 /* AppDelegate.swift in Sources */,
				61E1E5A3255ADC80008FEE19 /* PlaySound.swift in Sources */,
				61E1E584255AD91F008FEE19 /* SceneDelegate.swift in Sources */,
				61E1E586255AD91F008FEE19 /* ContentView.swift in Sources */,
				61E1E5A6255AE793008FEE19 /* ShakeGestureManager.swift in Sources */,
			);
			runOnlyForDeploymentPostprocessing = 0;
		};
/* End PBXSourcesBuildPhase section */

/* Begin PBXVariantGroup section */
		61E1E58C255AD920008FEE19 /* LaunchScreen.storyboard */ = {
			isa = PBXVariantGroup;
			children = (
				61E1E58D255AD920008FEE19 /* Base */,
			);
			name = LaunchScreen.storyboard;
			sourceTree = "<group>";
		};
/* End PBXVariantGroup section */

/* Begin XCBuildConfiguration section */
		61E1E590255AD920008FEE19 /* Debug */ = {
			isa = XCBuildConfiguration;
			buildSettings = {
				ALWAYS_SEARCH_USER_PATHS = NO;
				CLANG_ANALYZER_NONNULL = YES;
				CLANG_ANALYZER_NUMBER_OBJECT_CONVERSION = YES_AGGRESSIVE;
				CLANG_CXX_LANGUAGE_STANDARD = "gnu++14";
				CLANG_CXX_LIBRARY = "libc++";
				CLANG_ENABLE_MODULES = YES;
				CLANG_ENABLE_OBJC_ARC = YES;
				CLANG_ENABLE_OBJC_WEAK = YES;
				CLANG_WARN_BLOCK_CAPTURE_AUTORELEASING = YES;
				CLANG_WARN_BOOL_CONVERSION = YES;
				CLANG_WARN_COMMA = YES;
				CLANG_WARN_CONSTANT_CONVERSION = YES;
				CLANG_WARN_DEPRECATED_OBJC_IMPLEMENTATIONS = YES;
				CLANG_WARN_DIRECT_OBJC_ISA_USAGE = YES_ERROR;
				CLANG_WARN_DOCUMENTATION_COMMENTS = YES;
				CLANG_WARN_EMPTY_BODY = YES;
				CLANG_WARN_ENUM_CONVERSION = YES;
				CLANG_WARN_INFINITE_RECURSION = YES;
				CLANG_WARN_INT_CONVERSION = YES;
				CLANG_WARN_NON_LITERAL_NULL_CONVERSION = YES;
				CLANG_WARN_OBJC_IMPLICIT_RETAIN_SELF = YES;
				CLANG_WARN_OBJC_LITERAL_CONVERSION = YES;
				CLANG_WARN_OBJC_ROOT_CLASS = YES_ERROR;
				CLANG_WARN_QUOTED_INCLUDE_IN_FRAMEWORK_HEADER = YES;
				CLANG_WARN_RANGE_LOOP_ANALYSIS = YES;
				CLANG_WARN_STRICT_PROTOTYPES = YES;
				CLANG_WARN_SUSPICIOUS_MOVE = YES;
				CLANG_WARN_UNGUARDED_AVAILABILITY = YES_AGGRESSIVE;
				CLANG_WARN_UNREACHABLE_CODE = YES;
				CLANG_WARN__DUPLICATE_METHOD_MATCH = YES;
				COPY_PHASE_STRIP = NO;
				DEBUG_INFORMATION_FORMAT = dwarf;
				ENABLE_STRICT_OBJC_MSGSEND = YES;
				ENABLE_TESTABILITY = YES;
				GCC_C_LANGUAGE_STANDARD = gnu11;
				GCC_DYNAMIC_NO_PIC = NO;
				GCC_NO_COMMON_BLOCKS = YES;
				GCC_OPTIMIZATION_LEVEL = 0;
				GCC_PREPROCESSOR_DEFINITIONS = (
					"DEBUG=1",
					"$(inherited)",
				);
				GCC_WARN_64_TO_32_BIT_CONVERSION = YES;
				GCC_WARN_ABOUT_RETURN_TYPE = YES_ERROR;
				GCC_WARN_UNDECLARED_SELECTOR = YES;
				GCC_WARN_UNINITIALIZED_AUTOS = YES_AGGRESSIVE;
				GCC_WARN_UNUSED_FUNCTION = YES;
				GCC_WARN_UNUSED_VARIABLE = YES;
				IPHONEOS_DEPLOYMENT_TARGET = 14.0;
				MTL_ENABLE_DEBUG_INFO = INCLUDE_SOURCE;
				MTL_FAST_MATH = YES;
				ONLY_ACTIVE_ARCH = YES;
				SDKROOT = iphoneos;
				SWIFT_ACTIVE_COMPILATION_CONDITIONS = DEBUG;
				SWIFT_OPTIMIZATION_LEVEL = "-Onone";
			};
			name = Debug;
		};
		61E1E591255AD920008FEE19 /* Release */ = {
			isa = XCBuildConfiguration;
			buildSettings = {
				ALWAYS_SEARCH_USER_PATHS = NO;
				CLANG_ANALYZER_NONNULL = YES;
				CLANG_ANALYZER_NUMBER_OBJECT_CONVERSION = YES_AGGRESSIVE;
				CLANG_CXX_LANGUAGE_STANDARD = "gnu++14";
				CLANG_CXX_LIBRARY = "libc++";
				CLANG_ENABLE_MODULES = YES;
				CLANG_ENABLE_OBJC_ARC = YES;
				CLANG_ENABLE_OBJC_WEAK = YES;
				CLANG_WARN_BLOCK_CAPTURE_AUTORELEASING = YES;
				CLANG_WARN_BOOL_CONVERSION = YES;
				CLANG_WARN_COMMA = YES;
				CLANG_WARN_CONSTANT_CONVERSION = YES;
				CLANG_WARN_DEPRECATED_OBJC_IMPLEMENTATIONS = YES;
				CLANG_WARN_DIRECT_OBJC_ISA_USAGE = YES_ERROR;
				CLANG_WARN_DOCUMENTATION_COMMENTS = YES;
				CLANG_WARN_EMPTY_BODY = YES;
				CLANG_WARN_ENUM_CONVERSION = YES;
				CLANG_WARN_INFINITE_RECURSION = YES;
				CLANG_WARN_INT_CONVERSION = YES;
				CLANG_WARN_NON_LITERAL_NULL_CONVERSION = YES;
				CLANG_WARN_OBJC_IMPLICIT_RETAIN_SELF = YES;
				CLANG_WARN_OBJC_LITERAL_CONVERSION = YES;
				CLANG_WARN_OBJC_ROOT_CLASS = YES_ERROR;
				CLANG_WARN_QUOTED_INCLUDE_IN_FRAMEWORK_HEADER = YES;
				CLANG_WARN_RANGE_LOOP_ANALYSIS = YES;
				CLANG_WARN_STRICT_PROTOTYPES = YES;
				CLANG_WARN_SUSPICIOUS_MOVE = YES;
				CLANG_WARN_UNGUARDED_AVAILABILITY = YES_AGGRESSIVE;
				CLANG_WARN_UNREACHABLE_CODE = YES;
				CLANG_WARN__DUPLICATE_METHOD_MATCH = YES;
				COPY_PHASE_STRIP = NO;
				DEBUG_INFORMATION_FORMAT = "dwarf-with-dsym";
				ENABLE_NS_ASSERTIONS = NO;
				ENABLE_STRICT_OBJC_MSGSEND = YES;
				GCC_C_LANGUAGE_STANDARD = gnu11;
				GCC_NO_COMMON_BLOCKS = YES;
				GCC_WARN_64_TO_32_BIT_CONVERSION = YES;
				GCC_WARN_ABOUT_RETURN_TYPE = YES_ERROR;
				GCC_WARN_UNDECLARED_SELECTOR = YES;
				GCC_WARN_UNINITIALIZED_AUTOS = YES_AGGRESSIVE;
				GCC_WARN_UNUSED_FUNCTION = YES;
				GCC_WARN_UNUSED_VARIABLE = YES;
				IPHONEOS_DEPLOYMENT_TARGET = 14.0;
				MTL_ENABLE_DEBUG_INFO = NO;
				MTL_FAST_MATH = YES;
				SDKROOT = iphoneos;
				SWIFT_COMPILATION_MODE = wholemodule;
				SWIFT_OPTIMIZATION_LEVEL = "-O";
				VALIDATE_PRODUCT = YES;
			};
			name = Release;
		};
		61E1E593255AD920008FEE19 /* Debug */ = {
			isa = XCBuildConfiguration;
			buildSettings = {
				ASSETCATALOG_COMPILER_APPICON_NAME = AppIcon;
				ASSETCATALOG_COMPILER_GLOBAL_ACCENT_COLOR_NAME = AccentColor;
				CODE_SIGN_STYLE = Automatic;
				DEVELOPMENT_ASSET_PATHS = "\"SwiftUiDice/Preview Content\"";
				DEVELOPMENT_TEAM = Y6U2ZVMFW7;
				ENABLE_PREVIEWS = YES;
				INFOPLIST_FILE = SwiftUiDice/Info.plist;
				LD_RUNPATH_SEARCH_PATHS = (
					"$(inherited)",
					"@executable_path/Frameworks",
				);
				PRODUCT_BUNDLE_IDENTIFIER = com.ckk16a.SwiftUiDice;
				PRODUCT_NAME = "$(TARGET_NAME)";
				SWIFT_VERSION = 5.0;
				TARGETED_DEVICE_FAMILY = "1,2";
			};
			name = Debug;
		};
		61E1E594255AD920008FEE19 /* Release */ = {
			isa = XCBuildConfiguration;
			buildSettings = {
				ASSETCATALOG_COMPILER_APPICON_NAME = AppIcon;
				ASSETCATALOG_COMPILER_GLOBAL_ACCENT_COLOR_NAME = AccentColor;
				CODE_SIGN_STYLE = Automatic;
				DEVELOPMENT_ASSET_PATHS = "\"SwiftUiDice/Preview Content\"";
				DEVELOPMENT_TEAM = Y6U2ZVMFW7;
				ENABLE_PREVIEWS = YES;
				INFOPLIST_FILE = SwiftUiDice/Info.plist;
				LD_RUNPATH_SEARCH_PATHS = (
					"$(inherited)",
					"@executable_path/Frameworks",
				);
				PRODUCT_BUNDLE_IDENTIFIER = com.ckk16a.SwiftUiDice;
				PRODUCT_NAME = "$(TARGET_NAME)";
				SWIFT_VERSION = 5.0;
				TARGETED_DEVICE_FAMILY = "1,2";
			};
			name = Release;
		};
/* End XCBuildConfiguration section */

/* Begin XCConfigurationList section */
		61E1E579255AD91F008FEE19 /* Build configuration list for PBXProject "SwiftUiDice" */ = {
			isa = XCConfigurationList;
			buildConfigurations = (
				61E1E590255AD920008FEE19 /* Debug */,
				61E1E591255AD920008FEE19 /* Release */,
			);
			defaultConfigurationIsVisible = 0;
			defaultConfigurationName = Release;
		};
		61E1E592255AD920008FEE19 /* Build configuration list for PBXNativeTarget "SwiftUiDice" */ = {
			isa = XCConfigurationList;
			buildConfigurations = (
				61E1E593255AD920008FEE19 /* Debug */,
				61E1E594255AD920008FEE19 /* Release */,
			);
			defaultConfigurationIsVisible = 0;
			defaultConfigurationName = Release;
		};
/* End XCConfigurationList section */
	};
	rootObject = 61E1E576255AD91F008FEE19 /* Project object */;
}
